{
  "version": 4,
  "terraform_version": "1.7.3",
  "serial": 266,
  "lineage": "3b2eb1e1-9f53-e97e-b81f-3929388b2d08",
  "outputs": {},
  "resources": [
    {
      "mode": "managed",
      "type": "google_compute_global_address",
      "name": "private_ip_block",
      "provider": "provider[\"registry.terraform.io/hashicorp/google\"]",
      "instances": [
        {
          "schema_version": 0,
          "attributes": {
            "address": "10.42.0.0",
            "address_type": "INTERNAL",
            "creation_timestamp": "2024-04-16T14:02:34.049-07:00",
            "description": "",
            "id": "projects/dev-gcp-project-414721/global/addresses/private-ip-block",
            "ip_version": "",
            "name": "private-ip-block",
            "network": "https://www.googleapis.com/compute/v1/projects/dev-gcp-project-414721/global/networks/app-network",
            "prefix_length": 16,
            "project": "dev-gcp-project-414721",
            "purpose": "VPC_PEERING",
            "self_link": "https://www.googleapis.com/compute/v1/projects/dev-gcp-project-414721/global/addresses/private-ip-block",
            "timeouts": null
          },
          "sensitive_attributes": [],
          "private": "eyJlMmJmYjczMC1lY2FhLTExZTYtOGY4OC0zNDM2M2JjN2M0YzAiOnsiY3JlYXRlIjoxMjAwMDAwMDAwMDAwLCJkZWxldGUiOjEyMDAwMDAwMDAwMDB9fQ==",
          "dependencies": [
            "google_compute_network.vpcnetwork"
          ]
        }
      ]
    },
    {
      "mode": "managed",
      "type": "google_compute_network",
      "name": "vpcnetwork",
      "provider": "provider[\"registry.terraform.io/hashicorp/google\"]",
      "instances": [
        {
          "schema_version": 0,
          "attributes": {
            "auto_create_subnetworks": false,
            "delete_default_routes_on_create": true,
            "description": "",
            "enable_ula_internal_ipv6": false,
            "gateway_ipv4": "",
            "id": "projects/dev-gcp-project-414721/global/networks/app-network",
            "internal_ipv6_range": "",
            "mtu": 0,
            "name": "app-network",
            "network_firewall_policy_enforcement_order": "AFTER_CLASSIC_FIREWALL",
            "numeric_id": "5887989000105580988",
            "project": "dev-gcp-project-414721",
            "routing_mode": "REGIONAL",
            "self_link": "https://www.googleapis.com/compute/v1/projects/dev-gcp-project-414721/global/networks/app-network",
            "timeouts": null
          },
          "sensitive_attributes": [],
          "private": "eyJlMmJmYjczMC1lY2FhLTExZTYtOGY4OC0zNDM2M2JjN2M0YzAiOnsiY3JlYXRlIjoxMjAwMDAwMDAwMDAwLCJkZWxldGUiOjEyMDAwMDAwMDAwMDAsInVwZGF0ZSI6MTIwMDAwMDAwMDAwMH19"
        }
      ]
    },
    {
      "mode": "managed",
      "type": "google_kms_crypto_key",
      "name": "cloudsql_instance_key",
      "provider": "provider[\"registry.terraform.io/hashicorp/google\"]",
      "instances": [
        {
          "schema_version": 1,
          "attributes": {
            "destroy_scheduled_duration": "2592000s",
            "effective_labels": {},
            "id": "projects/dev-gcp-project-414721/locations/us-east4/keyRings/webapp-keyring-18/cryptoKeys/cloudsql-instance-key-18",
            "import_only": false,
            "key_ring": "projects/dev-gcp-project-414721/locations/us-east4/keyRings/webapp-keyring-18",
            "labels": {},
            "name": "cloudsql-instance-key-18",
            "primary": [
              {
                "name": "projects/dev-gcp-project-414721/locations/us-east4/keyRings/webapp-keyring-18/cryptoKeys/cloudsql-instance-key-18/cryptoKeyVersions/1",
                "state": "ENABLED"
              }
            ],
            "purpose": "ENCRYPT_DECRYPT",
            "rotation_period": "2592000s",
            "skip_initial_version_creation": false,
            "terraform_labels": {},
            "timeouts": null,
            "version_template": [
              {
                "algorithm": "GOOGLE_SYMMETRIC_ENCRYPTION",
                "protection_level": "SOFTWARE"
              }
            ]
          },
          "sensitive_attributes": [],
          "private": "eyJlMmJmYjczMC1lY2FhLTExZTYtOGY4OC0zNDM2M2JjN2M0YzAiOnsiY3JlYXRlIjoxMjAwMDAwMDAwMDAwLCJkZWxldGUiOjEyMDAwMDAwMDAwMDAsInVwZGF0ZSI6MTIwMDAwMDAwMDAwMH0sInNjaGVtYV92ZXJzaW9uIjoiMSJ9",
          "dependencies": [
            "google_kms_key_ring.webapp-keyring"
          ]
        }
      ]
    },
    {
      "mode": "managed",
      "type": "google_kms_key_ring",
      "name": "webapp-keyring",
      "provider": "provider[\"registry.terraform.io/hashicorp/google\"]",
      "instances": [
        {
          "schema_version": 0,
          "attributes": {
            "id": "projects/dev-gcp-project-414721/locations/us-east4/keyRings/webapp-keyring-18",
            "location": "us-east4",
            "name": "webapp-keyring-18",
            "project": "dev-gcp-project-414721",
            "timeouts": null
          },
          "sensitive_attributes": [],
          "private": "eyJlMmJmYjczMC1lY2FhLTExZTYtOGY4OC0zNDM2M2JjN2M0YzAiOnsiY3JlYXRlIjoxMjAwMDAwMDAwMDAwLCJkZWxldGUiOjEyMDAwMDAwMDAwMDB9fQ=="
        }
      ]
    },
    {
      "mode": "managed",
      "type": "google_service_networking_connection",
      "name": "private_vpc_connection",
      "provider": "provider[\"registry.terraform.io/hashicorp/google\"]",
      "instances": [
        {
          "schema_version": 0,
          "attributes": {
            "deletion_policy": null,
            "id": "projects%2Fdev-gcp-project-414721%2Fglobal%2Fnetworks%2Fapp-network:servicenetworking.googleapis.com",
            "network": "projects/dev-gcp-project-414721/global/networks/app-network",
            "peering": "servicenetworking-googleapis-com",
            "reserved_peering_ranges": [
              "private-ip-block"
            ],
            "service": "servicenetworking.googleapis.com",
            "timeouts": null
          },
          "sensitive_attributes": [],
          "private": "eyJlMmJmYjczMC1lY2FhLTExZTYtOGY4OC0zNDM2M2JjN2M0YzAiOnsiY3JlYXRlIjo2MDAwMDAwMDAwMDAsImRlbGV0ZSI6NjAwMDAwMDAwMDAwLCJ1cGRhdGUiOjYwMDAwMDAwMDAwMH19",
          "dependencies": [
            "google_compute_global_address.private_ip_block",
            "google_compute_network.vpcnetwork"
          ]
        }
      ]
    },
    {
      "mode": "managed",
      "type": "google_sql_database_instance",
      "name": "mysql_instance",
      "provider": "provider[\"registry.terraform.io/hashicorp/google\"]",
      "instances": [
        {
          "schema_version": 0,
          "attributes": {
            "available_maintenance_versions": [],
            "clone": [],
            "connection_name": "dev-gcp-project-414721:us-east4:mysql-instance",
            "database_version": "MYSQL_8_0",
            "deletion_protection": false,
            "dns_name": "",
            "encryption_key_name": "projects/dev-gcp-project-414721/locations/us-east4/keyRings/webapp-keyring-18/cryptoKeys/cloudsql-instance-key-18",
            "first_ip_address": "10.42.0.2",
            "id": "mysql-instance",
            "instance_type": "CLOUD_SQL_INSTANCE",
            "ip_address": [
              {
                "ip_address": "10.42.0.2",
                "time_to_retire": "",
                "type": "PRIVATE"
              }
            ],
            "maintenance_version": "MYSQL_8_0_31.R20240207.00_10",
            "master_instance_name": "",
            "name": "mysql-instance",
            "private_ip_address": "10.42.0.2",
            "project": "dev-gcp-project-414721",
            "psc_service_attachment_link": "",
            "public_ip_address": "",
            "region": "us-east4",
            "replica_configuration": [],
            "restore_backup_context": [],
            "root_password": null,
            "self_link": "https://sqladmin.googleapis.com/sql/v1beta4/projects/dev-gcp-project-414721/instances/mysql-instance",
            "server_ca_cert": [
              {
                "cert": "-----BEGIN CERTIFICATE-----\nMIIDfzCCAmegAwIBAgIBADANBgkqhkiG9w0BAQsFADB3MS0wKwYDVQQuEyQ4YzY3\nMDYxNC1iNTdhLTRhM2QtYjM3Yy1jZGU4Y2U0OTI4OGUxIzAhBgNVBAMTGkdvb2ds\nZSBDbG91ZCBTUUwgU2VydmVyIENBMRQwEgYDVQQKEwtHb29nbGUsIEluYzELMAkG\nA1UEBhMCVVMwHhcNMjQwNDE2MjEwNTA3WhcNMzQwNDE0MjEwNjA3WjB3MS0wKwYD\nVQQuEyQ4YzY3MDYxNC1iNTdhLTRhM2QtYjM3Yy1jZGU4Y2U0OTI4OGUxIzAhBgNV\nBAMTGkdvb2dsZSBDbG91ZCBTUUwgU2VydmVyIENBMRQwEgYDVQQKEwtHb29nbGUs\nIEluYzELMAkGA1UEBhMCVVMwggEiMA0GCSqGSIb3DQEBAQUAA4IBDwAwggEKAoIB\nAQCpSkJTfU8xvSnpJMIsb9BC+u/y+BqpDg0NtkFr0Au/QT3gQExz+Sy71waCMIV8\nt7osvdsYgQF7l34sbPUuunDkRaiCW+2zm2eICJSmvv48P8oKtql3gyYHtS15e+Yt\n8RKRQ2g6U8QSnD6R7z1hZA6m+ZHtLfDKMRYVQbgcuGbZVROPRkJ4KPc+AcQkoJr6\nnKEKibTEe2EgWS1NPxLwWvWYwmNbLdfTFD1z45R3d0meRpk6kmiMGI2+mBSLME8l\nLNYHRr7DMtKnfEi7t6i7jbSbL9Z5n8liYQD1Gxj17sBpKOK4DqxqOSF13Fp8V3z9\nsvkKI4GQS6W6g8EeybCyipLDAgMBAAGjFjAUMBIGA1UdEwEB/wQIMAYBAf8CAQAw\nDQYJKoZIhvcNAQELBQADggEBAHlxoVTq6NWBFtN96FpgavP8TqMLgC0CBkYi6Som\nAQ4Lr0fL0UJDsFEWXnUBtpTSem+c1p6CLpJZfx5LoPJRq1TkCizp6yQzphTXAM8e\ncfdgz5GPTQio4oP1WUxxjRTWbDhu1qeYh3DEj1K0LFvV3Zgsown+luQRZif4RIi5\nwvTY/QdpA4f330ZLtRVfNMF9I/eHPujw0WjMYMUCYWvaOym0oF/DyYeCLTlETjWj\nC9h4I+mt7GuPWxh9WNlCjkPz+8+w3BMCqVkoc4F8MttFY12xlJwGvbNaQfz5hYRZ\nzUf6xYfPBoZ7fuN0CpFx6CRyf5H+Ta74Dngp2t7+67gjhco=\n-----END CERTIFICATE-----",
                "common_name": "C=US,O=Google\\, Inc,CN=Google Cloud SQL Server CA,dnQualifier=8c670614-b57a-4a3d-b37c-cde8ce49288e",
                "create_time": "2024-04-16T21:05:07.131Z",
                "expiration_time": "2034-04-14T21:06:07.131Z",
                "sha1_fingerprint": "669e81b4b83d9bbe8d0c01b6276b5528c380a4ef"
              }
            ],
            "service_account_email_address": "p617468520539-pfrmxv@gcp-sa-cloud-sql.iam.gserviceaccount.com",
            "settings": [
              {
                "activation_policy": "ALWAYS",
                "active_directory_config": [],
                "advanced_machine_features": [],
                "availability_type": "REGIONAL",
                "backup_configuration": [
                  {
                    "backup_retention_settings": [
                      {
                        "retained_backups": 7,
                        "retention_unit": "COUNT"
                      }
                    ],
                    "binary_log_enabled": true,
                    "enabled": true,
                    "location": "",
                    "point_in_time_recovery_enabled": false,
                    "start_time": "17:00",
                    "transaction_log_retention_days": 7
                  }
                ],
                "collation": "",
                "connector_enforcement": "NOT_REQUIRED",
                "data_cache_config": [],
                "database_flags": [],
                "deletion_protection_enabled": false,
                "deny_maintenance_period": [],
                "disk_autoresize": true,
                "disk_autoresize_limit": 0,
                "disk_size": 100,
                "disk_type": "PD_SSD",
                "edition": "ENTERPRISE",
                "insights_config": [],
                "ip_configuration": [
                  {
                    "allocated_ip_range": "",
                    "authorized_networks": [],
                    "enable_private_path_for_google_cloud_services": false,
                    "ipv4_enabled": false,
                    "private_network": "projects/dev-gcp-project-414721/global/networks/app-network",
                    "psc_config": [],
                    "require_ssl": false,
                    "ssl_mode": ""
                  }
                ],
                "location_preference": [
                  {
                    "follow_gae_application": "",
                    "secondary_zone": "",
                    "zone": "us-east4-c"
                  }
                ],
                "maintenance_window": [],
                "password_validation_policy": [],
                "pricing_plan": "PER_USE",
                "sql_server_audit_config": [],
                "tier": "db-f1-micro",
                "time_zone": "",
                "user_labels": {},
                "version": 4
              }
            ],
            "timeouts": null
          },
          "sensitive_attributes": [],
          "private": "eyJlMmJmYjczMC1lY2FhLTExZTYtOGY4OC0zNDM2M2JjN2M0YzAiOnsiY3JlYXRlIjoyNDAwMDAwMDAwMDAwLCJkZWxldGUiOjE4MDAwMDAwMDAwMDAsInVwZGF0ZSI6MTgwMDAwMDAwMDAwMH19",
          "dependencies": [
            "google_compute_global_address.private_ip_block",
            "google_compute_network.vpcnetwork",
            "google_kms_crypto_key.cloudsql_instance_key",
            "google_kms_key_ring.webapp-keyring",
            "google_service_networking_connection.private_vpc_connection"
          ]
        }
      ]
    }
  ],
  "check_results": null
}
